Microsoft Visual Studio Solution File, Format Version 12.00
# Visual Studio Version 17
VisualStudioVersion = 17.0.31729.503
MinimumVisualStudioVersion = 10.0.40219.1
Project("{FAE04EC0-301F-11D3-BF4B-00C04F79EFBC}") = "Puissance4Game", "Puissance4Game\\Puissance4Game.csproj", "{B3A3A25F-AC54-4CF5-98AF-49FF2E646B6D}"
EndProject
Project("{FAE04EC0-301F-11D3-BF4B-00C04F79EFBC}") = "Puissance4Game.Tests", "Puissance4Game.Tests\\Puissance4Game.Tests.csproj", "{C56FF4DA-49CA-49EF-A77E-255AA4CFF54F}"
EndProject
Project("{FAE04EC0-301F-11D3-BF4B-00C04F79EFBC}") = "Puissance4IOS", "Puissance4IOS\\Puissance4IOS.csproj", "{1E0DE8AA-FC1D-471F-8CF2-18DCC8D9B3DC}"
EndProject
Global
    GlobalSection(SolutionConfigurationPlatforms) = preSolution
        Debug|Any CPU = Debug|Any CPU
        Release|Any CPU = Release|Any CPU
    EndGlobalSection
    GlobalSection(ProjectConfigurationPlatforms) = postSolution
        {B3A3A25F-AC54-4CF5-98AF-49FF2E646B6D}.Debug|Any CPU.ActiveCfg = Debug|Any CPU
        {B3A3A25F-AC54-4CF5-98AF-49FF2E646B6D}.Debug|Any CPU.Build.0 = Debug|Any CPU
        {B3A3A25F-AC54-4CF5-98AF-49FF2E646B6D}.Release|Any CPU.ActiveCfg = Release|Any CPU
        {B3A3A25F-AC54-4CF5-98AF-49FF2E646B6D}.Release|Any CPU.Build.0 = Release|Any CPU
        {C56FF4DA-49CA-49EF-A77E-255AA4CFF54F}.Debug|Any CPU.ActiveCfg = Debug|Any CPU
        {C56FF4DA-49CA-49EF-A77E-255AA4CFF54F}.Debug|Any CPU.Build.0 = Debug|Any CPU
        {C56FF4DA-49CA-49EF-A77E-255AA4CFF54F}.Release|Any CPU.ActiveCfg = Release|Any CPU
        {C56FF4DA-49CA-49EF-A77E-255AA4CFF54F}.Release|Any CPU.Build.0 = Release|Any CPU
        {1E0DE8AA-FC1D-471F-8CF2-18DCC8D9B3DC}.Debug|Any CPU.ActiveCfg = Debug|Any CPU
        {1E0DE8AA-FC1D-471F-8CF2-18DCC8D9B3DC}.Debug|Any CPU.Build.0 = Debug|Any CPU
        {1E0DE8AA-FC1D-471F-8CF2-18DCC8D9B3DC}.Release|Any CPU.ActiveCfg = Release|Any CPU
        {1E0DE8AA-FC1D-471F-8CF2-18DCC8D9B3DC}.Release|Any CPU.Build.0 = Release|Any CPU
    EndGlobalSection
    GlobalSection(SolutionProperties) = preSolution
        HideSolutionNode = FALSE
    EndGlobalSection
EndGlobal
